// !$*UTF8*$!
{
	archiveVersion = 1;
	classes = {
	};
	objectVersion = 60;
	objects = {

/* Begin PBXBuildFile section */
		100000000000000000000001 /* JasListenApp.swift in Sources */ = {isa = PBXBuildFile; fileRef = 200000000000000000000001 /* JasListenApp.swift */; };
		100000000000000000000002 /* Lesson.swift in Sources */ = {isa = PBXBuildFile; fileRef = 200000000000000000000002 /* Lesson.swift */; };
		100000000000000000000003 /* LessonRepository.swift in Sources */ = {isa = PBXBuildFile; fileRef = 200000000000000000000003 /* LessonRepository.swift */; };
		100000000000000000000004 /* AudioImportService.swift in Sources */ = {isa = PBXBuildFile; fileRef = 200000000000000000000004 /* AudioImportService.swift */; };
		100000000000000000000005 /* AudioPlaybackController.swift in Sources */ = {isa = PBXBuildFile; fileRef = 200000000000000000000005 /* AudioPlaybackController.swift */; };
		100000000000000000000006 /* BackupService.swift in Sources */ = {isa = PBXBuildFile; fileRef = 200000000000000000000006 /* BackupService.swift */; };
		100000000000000000000007 /* BackupDocument.swift in Sources */ = {isa = PBXBuildFile; fileRef = 200000000000000000000007 /* BackupDocument.swift */; };
		100000000000000000000008 /* LibraryView.swift in Sources */ = {isa = PBXBuildFile; fileRef = 200000000000000000000008 /* LibraryView.swift */; };
		100000000000000000000009 /* PlayerDetailView.swift in Sources */ = {isa = PBXBuildFile; fileRef = 200000000000000000000009 /* PlayerDetailView.swift */; };
		10000000000000000000000A /* JasListenTests.swift in Sources */ = {isa = PBXBuildFile; fileRef = 200000000000000000000010 /* JasListenTests.swift */; };
		10000000000000000000000B /* ZIPFoundation in Frameworks */ = {isa = PBXBuildFile; productRef = 800000000000000000000001 /* ZIPFoundation */; };
		10000000000000000000000C /* BackupFormat.swift in Sources */ = {isa = PBXBuildFile; fileRef = 20000000000000000000000B /* BackupFormat.swift */; };
		10000000000000000000000D /* ZIPFoundation in Frameworks */ = {isa = PBXBuildFile; productRef = 800000000000000000000002 /* ZIPFoundation */; };
		10000000000000000000000E /* MacPlaybackKeys.swift in Sources */ = {isa = PBXBuildFile; fileRef = 20000000000000000000000C /* MacPlaybackKeys.swift */; };
		10000000000000000000000F /* Playlist.swift in Sources */ = {isa = PBXBuildFile; fileRef = 20000000000000000000000D /* Playlist.swift */; };
		100000000000000000000010 /* PlaylistRepository.swift in Sources */ = {isa = PBXBuildFile; fileRef = 20000000000000000000000E /* PlaylistRepository.swift */; };
		100000000000000000000011 /* PlaylistDetailView.swift in Sources */ = {isa = PBXBuildFile; fileRef = 20000000000000000000000F /* PlaylistDetailView.swift */; };
		100000000000000000000012 /* logo.jpg in Resources */ = {isa = PBXBuildFile; fileRef = 200000000000000000000013 /* logo.jpg */; };
/* End PBXBuildFile section */

/* Begin PBXContainerItemProxy section */
		300000000000000000000001 /* PBXContainerItemProxy */ = {
			isa = PBXContainerItemProxy;
			containerPortal = 400000000000000000000001 /* Project object */;
			proxyType = 1;
			remoteGlobalIDString = 600000000000000000000002;
			remoteInfo = JasListen;
		};
/* End PBXContainerItemProxy section */

/* Begin PBXFileReference section */
		200000000000000000000001 /* JasListenApp.swift */ = {isa = PBXFileReference; lastKnownFileType = sourcecode.swift; path = JasListenApp.swift; sourceTree = "<group>"; };
		200000000000000000000002 /* Lesson.swift */ = {isa = PBXFileReference; lastKnownFileType = sourcecode.swift; path = Lesson.swift; sourceTree = "<group>"; };
		200000000000000000000003 /* LessonRepository.swift */ = {isa = PBXFileReference; lastKnownFileType = sourcecode.swift; path = LessonRepository.swift; sourceTree = "<group>"; };
		200000000000000000000004 /* AudioImportService.swift */ = {isa = PBXFileReference; lastKnownFileType = sourcecode.swift; path = AudioImportService.swift; sourceTree = "<group>"; };
		200000000000000000000005 /* AudioPlaybackController.swift */ = {isa = PBXFileReference; lastKnownFileType = sourcecode.swift; path = AudioPlaybackController.swift; sourceTree = "<group>"; };
		200000000000000000000006 /* BackupService.swift */ = {isa = PBXFileReference; lastKnownFileType = sourcecode.swift; path = BackupService.swift; sourceTree = "<group>"; };
		200000000000000000000007 /* BackupDocument.swift */ = {isa = PBXFileReference; lastKnownFileType = sourcecode.swift; path = BackupDocument.swift; sourceTree = "<group>"; };
		200000000000000000000008 /* LibraryView.swift */ = {isa = PBXFileReference; lastKnownFileType = sourcecode.swift; path = LibraryView.swift; sourceTree = "<group>"; };
		200000000000000000000009 /* PlayerDetailView.swift */ = {isa = PBXFileReference; lastKnownFileType = sourcecode.swift; path = PlayerDetailView.swift; sourceTree = "<group>"; };
		20000000000000000000000A /* Info.plist */ = {isa = PBXFileReference; lastKnownFileType = text.plist.xml; path = Info.plist; sourceTree = "<group>"; };
		20000000000000000000000B /* BackupFormat.swift */ = {isa = PBXFileReference; lastKnownFileType = sourcecode.swift; path = BackupFormat.swift; sourceTree = "<group>"; };
		20000000000000000000000C /* MacPlaybackKeys.swift */ = {isa = PBXFileReference; lastKnownFileType = sourcecode.swift; path = MacPlaybackKeys.swift; sourceTree = "<group>"; };
		20000000000000000000000D /* Playlist.swift */ = {isa = PBXFileReference; lastKnownFileType = sourcecode.swift; path = Playlist.swift; sourceTree = "<group>"; };
		20000000000000000000000E /* PlaylistRepository.swift */ = {isa = PBXFileReference; lastKnownFileType = sourcecode.swift; path = PlaylistRepository.swift; sourceTree = "<group>"; };
		20000000000000000000000F /* PlaylistDetailView.swift */ = {isa = PBXFileReference; lastKnownFileType = sourcecode.swift; path = PlaylistDetailView.swift; sourceTree = "<group>"; };
		200000000000000000000010 /* JasListenTests.swift */ = {isa = PBXFileReference; lastKnownFileType = sourcecode.swift; path = JasListenTests.swift; sourceTree = "<group>"; };
		200000000000000000000011 /* JasListen.app */ = {isa = PBXFileReference; explicitFileType = wrapper.application; includeInIndex = 0; path = JasListen.app; sourceTree = BUILT_PRODUCTS_DIR; };
		200000000000000000000012 /* JasListenTests.xctest */ = {isa = PBXFileReference; explicitFileType = wrapper.cfbundle; includeInIndex = 0; path = JasListenTests.xctest; sourceTree = BUILT_PRODUCTS_DIR; };
		200000000000000000000013 /* logo.jpg */ = {isa = PBXFileReference; lastKnownFileType = image.jpeg; path = logo.jpg; sourceTree = "<group>"; };
/* End PBXFileReference section */

/* Begin PBXFrameworksBuildPhase section */
		500000000000000000000001 /* Frameworks */ = {
			isa = PBXFrameworksBuildPhase;
			buildActionMask = 2147483647;
			files = (
				10000000000000000000000B /* ZIPFoundation in Frameworks */,
			);
			runOnlyForDeploymentPostprocessing = 0;
		};
		500000000000000000000002 /* Frameworks */ = {
			isa = PBXFrameworksBuildPhase;
			buildActionMask = 2147483647;
			files = (
				10000000000000000000000D /* ZIPFoundation in Frameworks */,
			);
			runOnlyForDeploymentPostprocessing = 0;
		};
/* End PBXFrameworksBuildPhase section */

/* Begin PBXGroup section */
		700000000000000000000001 = {
			isa = PBXGroup;
			children = (
				700000000000000000000002 /* JasListen */,
				700000000000000000000003 /* JasListenTests */,
				700000000000000000000004 /* Products */,
				200000000000000000000013 /* logo.jpg */,
			);
			sourceTree = "<group>";
		};
		700000000000000000000002 /* JasListen */ = {
			isa = PBXGroup;
			children = (
				200000000000000000000001 /* JasListenApp.swift */,
				700000000000000000000005 /* Models */,
				700000000000000000000006 /* Services */,
				700000000000000000000007 /* Views */,
				20000000000000000000000A /* Info.plist */,
			);
			path = JasListen;
			sourceTree = "<group>";
		};
		700000000000000000000003 /* JasListenTests */ = {
			isa = PBXGroup;
			children = (
				200000000000000000000010 /* JasListenTests.swift */,
			);
			path = JasListenTests;
			sourceTree = "<group>";
		};
		700000000000000000000004 /* Products */ = {
			isa = PBXGroup;
			children = (
				200000000000000000000011 /* JasListen.app */,
				200000000000000000000012 /* JasListenTests.xctest */,
			);
			name = Products;
			sourceTree = "<group>";
		};
		700000000000000000000005 /* Models */ = {
			isa = PBXGroup;
			children = (
				200000000000000000000002 /* Lesson.swift */,
				20000000000000000000000D /* Playlist.swift */,
			);
			path = Models;
			sourceTree = "<group>";
		};
		700000000000000000000006 /* Services */ = {
			isa = PBXGroup;
			children = (
				200000000000000000000003 /* LessonRepository.swift */,
				20000000000000000000000E /* PlaylistRepository.swift */,
				200000000000000000000004 /* AudioImportService.swift */,
				200000000000000000000005 /* AudioPlaybackController.swift */,
				200000000000000000000006 /* BackupService.swift */,
				20000000000000000000000B /* BackupFormat.swift */,
			);
			path = Services;
			sourceTree = "<group>";
		};
		700000000000000000000007 /* Views */ = {
			isa = PBXGroup;
			children = (
				200000000000000000000007 /* BackupDocument.swift */,
				200000000000000000000008 /* LibraryView.swift */,
				200000000000000000000009 /* PlayerDetailView.swift */,
				20000000000000000000000F /* PlaylistDetailView.swift */,
				20000000000000000000000C /* MacPlaybackKeys.swift */,
			);
			path = Views;
			sourceTree = "<group>";
		};
/* End PBXGroup section */

/* Begin PBXNativeTarget section */
		600000000000000000000001 /* JasListen */ = {
			isa = PBXNativeTarget;
			buildConfigurationList = A00000000000000000000001 /* Build configuration list for PBXNativeTarget "JasListen" */;
			buildPhases = (
				900000000000000000000001 /* Sources */,
				500000000000000000000001 /* Frameworks */,
				900000000000000000000002 /* Resources */,
			);
			buildRules = (
			);
			dependencies = (
			);
			name = JasListen;
			packageProductDependencies = (
				800000000000000000000001 /* ZIPFoundation */,
			);
			productName = JasListen;
			productReference = 200000000000000000000011 /* JasListen.app */;
			productType = "com.apple.product-type.application";
		};
		600000000000000000000002 /* JasListenTests */ = {
			isa = PBXNativeTarget;
			buildConfigurationList = A00000000000000000000002 /* Build configuration list for PBXNativeTarget "JasListenTests" */;
			buildPhases = (
				900000000000000000000003 /* Sources */,
				500000000000000000000002 /* Frameworks */,
				900000000000000000000004 /* Resources */,
			);
			buildRules = (
			);
			dependencies = (
				D00000000000000000000001 /* PBXTargetDependency */,
			);
			name = JasListenTests;
			packageProductDependencies = (
				800000000000000000000002 /* ZIPFoundation */,
			);
			productName = JasListenTests;
			productReference = 200000000000000000000012 /* JasListenTests.xctest */;
			productType = "com.apple.product-type.bundle.unit-test";
		};
/* End PBXNativeTarget section */

/* Begin PBXProject section */
		400000000000000000000001 /* Project object */ = {
			isa = PBXProject;
			attributes = {
				BuildIndependentTargetsInParallel = 1;
				LastUpgradeCheck = 1620;
				TargetAttributes = {
					600000000000000000000001 = {
						CreatedOnToolsVersion = 16.2;
					};
					600000000000000000000002 = {
						CreatedOnToolsVersion = 16.2;
						TestTargetID = 600000000000000000000001;
					};
				};
			};
			buildConfigurationList = A00000000000000000000003 /* Build configuration list for PBXProject "JasListen" */;
			compatibilityVersion = "Xcode 15.0";
			developmentRegion = en;
			hasScannedForEncodings = 0;
			knownRegions = (
				en,
				Base,
			);
			mainGroup = 700000000000000000000001;
			packageReferences = (
				B00000000000000000000001 /* XCRemoteSwiftPackageReference "ZIPFoundation" */,
			);
			productRefGroup = 700000000000000000000004 /* Products */;
			projectDirPath = "";
			projectRoot = "";
			targets = (
				600000000000000000000001 /* JasListen */,
				600000000000000000000002 /* JasListenTests */,
			);
		};
/* End PBXProject section */

/* Begin PBXResourcesBuildPhase section */
		900000000000000000000002 /* Resources */ = {
			isa = PBXResourcesBuildPhase;
			buildActionMask = 2147483647;
			files = (
				100000000000000000000012 /* logo.jpg in Resources */,
			);
			runOnlyForDeploymentPostprocessing = 0;
		};
		900000000000000000000004 /* Resources */ = {
			isa = PBXResourcesBuildPhase;
			buildActionMask = 2147483647;
			files = (
			);
			runOnlyForDeploymentPostprocessing = 0;
		};
/* End PBXResourcesBuildPhase section */

/* Begin PBXSourcesBuildPhase section */
		900000000000000000000001 /* Sources */ = {
			isa = PBXSourcesBuildPhase;
			buildActionMask = 2147483647;
			files = (
				100000000000000000000001 /* JasListenApp.swift in Sources */,
				100000000000000000000002 /* Lesson.swift in Sources */,
				100000000000000000000003 /* LessonRepository.swift in Sources */,
				100000000000000000000004 /* AudioImportService.swift in Sources */,
				100000000000000000000005 /* AudioPlaybackController.swift in Sources */,
				100000000000000000000006 /* BackupService.swift in Sources */,
				10000000000000000000000C /* BackupFormat.swift in Sources */,
				100000000000000000000007 /* BackupDocument.swift in Sources */,
				100000000000000000000008 /* LibraryView.swift in Sources */,
				100000000000000000000009 /* PlayerDetailView.swift in Sources */,
				10000000000000000000000E /* MacPlaybackKeys.swift in Sources */,
				10000000000000000000000F /* Playlist.swift in Sources */,
				100000000000000000000010 /* PlaylistRepository.swift in Sources */,
				100000000000000000000011 /* PlaylistDetailView.swift in Sources */,
			);
			runOnlyForDeploymentPostprocessing = 0;
		};
		900000000000000000000003 /* Sources */ = {
			isa = PBXSourcesBuildPhase;
			buildActionMask = 2147483647;
			files = (
				10000000000000000000000A /* JasListenTests.swift in Sources */,
			);
			runOnlyForDeploymentPostprocessing = 0;
		};
/* End PBXSourcesBuildPhase section */

/* Begin PBXTargetDependency section */
		D00000000000000000000001 /* PBXTargetDependency */ = {
			isa = PBXTargetDependency;
			target = 600000000000000000000002 /* JasListenTests */;
			targetProxy = 300000000000000000000001 /* PBXContainerItemProxy */;
		};
/* End PBXTargetDependency section */

/* Begin XCBuildConfiguration section */
		A10000000000000000000001 /* Debug */ = {
			isa = XCBuildConfiguration;
			buildSettings = {
				CLANG_ENABLE_MODULES = YES;
				CLANG_ENABLE_OBJC_ARC = YES;
				IPHONEOS_DEPLOYMENT_TARGET = 17.0;
				MACOSX_DEPLOYMENT_TARGET = 14.0;
				SDKROOT = auto;
				SWIFT_VERSION = 5.0;
			};
			name = Debug;
		};
		A10000000000000000000002 /* Release */ = {
			isa = XCBuildConfiguration;
			buildSettings = {
				CLANG_ENABLE_MODULES = YES;
				CLANG_ENABLE_OBJC_ARC = YES;
				IPHONEOS_DEPLOYMENT_TARGET = 17.0;
				MACOSX_DEPLOYMENT_TARGET = 14.0;
				SDKROOT = auto;
				SWIFT_VERSION = 5.0;
			};
			name = Release;
		};
		A10000000000000000000003 /* Debug */ = {
			isa = XCBuildConfiguration;
			buildSettings = {
				CODE_SIGN_IDENTITY = "Apple Development";
				CODE_SIGN_STYLE = Automatic;
				CURRENT_PROJECT_VERSION = 1;
				DEVELOPMENT_TEAM = ZX49MLHU3Q;
				ENABLE_TESTABILITY = YES;
				GENERATE_INFOPLIST_FILE = NO;
				INFOPLIST_FILE = JasListen/Info.plist;
				IPHONEOS_DEPLOYMENT_TARGET = 17.0;
				MACOSX_DEPLOYMENT_TARGET = 14.0;
				ONLY_ACTIVE_ARCH = YES;
				PRODUCT_BUNDLE_IDENTIFIER = com.jaslisten;
				PRODUCT_NAME = "$(TARGET_NAME)";
				PROVISIONING_PROFILE_SPECIFIER = "";
				SDKROOT = auto;
				SUPPORTED_PLATFORMS = "iphoneos iphonesimulator macosx";
				SUPPORTS_MACCATALYST = NO;
				SWIFT_EMIT_LOC_STRINGS = YES;
				SWIFT_VERSION = 5.0;
				TARGETED_DEVICE_FAMILY = "1,2";
			};
			name = Debug;
		};
		A10000000000000000000004 /* Release */ = {
			isa = XCBuildConfiguration;
			buildSettings = {
				CODE_SIGN_IDENTITY = "Apple Development";
				CODE_SIGN_STYLE = Automatic;
				CURRENT_PROJECT_VERSION = 1;
				DEVELOPMENT_TEAM = ZX49MLHU3Q;
				GENERATE_INFOPLIST_FILE = NO;
				INFOPLIST_FILE = JasListen/Info.plist;
				IPHONEOS_DEPLOYMENT_TARGET = 17.0;
				MACOSX_DEPLOYMENT_TARGET = 14.0;
				PRODUCT_BUNDLE_IDENTIFIER = com.jaslisten;
				PRODUCT_NAME = "$(TARGET_NAME)";
				PROVISIONING_PROFILE_SPECIFIER = "";
				SDKROOT = auto;
				SUPPORTED_PLATFORMS = "iphoneos iphonesimulator macosx";
				SUPPORTS_MACCATALYST = NO;
				SWIFT_EMIT_LOC_STRINGS = YES;
				SWIFT_VERSION = 5.0;
				TARGETED_DEVICE_FAMILY = "1,2";
			};
			name = Release;
		};
		A10000000000000000000005 /* Debug */ = {
			isa = XCBuildConfiguration;
			buildSettings = {
				BUNDLE_LOADER = "$(TEST_HOST)";
				CODE_SIGN_STYLE = Automatic;
				GENERATE_INFOPLIST_FILE = YES;
				IPHONEOS_DEPLOYMENT_TARGET = 17.0;
				MACOSX_DEPLOYMENT_TARGET = 14.0;
				ONLY_ACTIVE_ARCH = YES;
				PRODUCT_BUNDLE_IDENTIFIER = com.jaslistening.still.tests;
				PRODUCT_NAME = "$(TARGET_NAME)";
				SDKROOT = auto;
				SUPPORTED_PLATFORMS = "iphoneos iphonesimulator macosx";
				SWIFT_VERSION = 5.0;
				TARGETED_DEVICE_FAMILY = "1,2";
				TEST_HOST = "$(BUILT_PRODUCTS_DIR)/JasListen.app/$(BUNDLE_EXECUTABLE_FOLDER_PATH)/JasListen";
			};
			name = Debug;
		};
		A10000000000000000000006 /* Release */ = {
			isa = XCBuildConfiguration;
			buildSettings = {
				BUNDLE_LOADER = "$(TEST_HOST)";
				CODE_SIGN_STYLE = Automatic;
				GENERATE_INFOPLIST_FILE = YES;
				IPHONEOS_DEPLOYMENT_TARGET = 17.0;
				MACOSX_DEPLOYMENT_TARGET = 14.0;
				PRODUCT_BUNDLE_IDENTIFIER = com.jaslistening.still.tests;
				PRODUCT_NAME = "$(TARGET_NAME)";
				SDKROOT = auto;
				SUPPORTED_PLATFORMS = "iphoneos iphonesimulator macosx";
				SWIFT_VERSION = 5.0;
				TARGETED_DEVICE_FAMILY = "1,2";
				TEST_HOST = "$(BUILT_PRODUCTS_DIR)/JasListen.app/$(BUNDLE_EXECUTABLE_FOLDER_PATH)/JasListen";
			};
			name = Release;
		};
/* End XCBuildConfiguration section */

/* Begin XCConfigurationList section */
		A00000000000000000000001 /* Build configuration list for PBXNativeTarget "JasListen" */ = {
			isa = XCConfigurationList;
			buildConfigurations = (
				A10000000000000000000003 /* Debug */,
				A10000000000000000000004 /* Release */,
			);
			defaultConfigurationIsVisible = 0;
			defaultConfigurationName = Release;
		};
		A00000000000000000000002 /* Build configuration list for PBXNativeTarget "JasListenTests" */ = {
			isa = XCConfigurationList;
			buildConfigurations = (
				A10000000000000000000005 /* Debug */,
				A10000000000000000000006 /* Release */,
			);
			defaultConfigurationIsVisible = 0;
			defaultConfigurationName = Release;
		};
		A00000000000000000000003 /* Build configuration list for PBXProject "JasListen" */ = {
			isa = XCConfigurationList;
			buildConfigurations = (
				A10000000000000000000001 /* Debug */,
				A10000000000000000000002 /* Release */,
			);
			defaultConfigurationIsVisible = 0;
			defaultConfigurationName = Release;
		};
/* End XCConfigurationList section */

/* Begin XCRemoteSwiftPackageReference section */
		B00000000000000000000001 /* XCRemoteSwiftPackageReference "ZIPFoundation" */ = {
			isa = XCRemoteSwiftPackageReference;
			repositoryURL = "https://github.com/weichsel/ZIPFoundation.git";
			requirement = {
				kind = upToNextMajorVersion;
				minimumVersion = 0.9.19;
			};
		};
/* End XCRemoteSwiftPackageReference section */

/* Begin XCSwiftPackageProductDependency section */
		800000000000000000000001 /* ZIPFoundation */ = {
			isa = XCSwiftPackageProductDependency;
			package = B00000000000000000000001 /* XCRemoteSwiftPackageReference "ZIPFoundation" */;
			productName = ZIPFoundation;
		};
		800000000000000000000002 /* ZIPFoundation */ = {
			isa = XCSwiftPackageProductDependency;
			package = B00000000000000000000001 /* XCRemoteSwiftPackageReference "ZIPFoundation" */;
			productName = ZIPFoundation;
		};
/* End XCSwiftPackageProductDependency section */
	};
	rootObject = 400000000000000000000001 /* Project object */;
}
